
Microsoft Visual Studio Solution File, Format Version 12.00
# Visual Studio 15
VisualStudioVersion = 15.0.28010.2046
MinimumVisualStudioVersion = 10.0.40219.1
Project("{FAE04EC0-301F-11D3-BF4B-00C04F79EFBC}") = "PasswordStrengthDLL", "PasswordStrengthDLL\PasswordStrengthDLL.csproj", "{0BB6F9D1-0294-4C0C-9580-13D0EAB4633C}"
EndProject
Project("{FAE04EC0-301F-11D3-BF4B-00C04F79EFBC}") = "DemoConsoleApplication", "DemoConsoleApplication\DemoConsoleApplication.csproj", "{2C380FE8-B52E-49BB-AB55-2E6BB2F91321}"
EndProject
Global
	GlobalSection(SolutionConfigurationPlatforms) = preSolution
		Debug|Any CPU = Debug|Any CPU
		Release|Any CPU = Release|Any CPU
	EndGlobalSection
	GlobalSection(ProjectConfigurationPlatforms) = postSolution
		{0BB6F9D1-0294-4C0C-9580-13D0EAB4633C}.Debug|Any CPU.ActiveCfg = Debug|Any CPU
		{0BB6F9D1-0294-4C0C-9580-13D0EAB4633C}.Debug|Any CPU.Build.0 = Debug|Any CPU
		{0BB6F9D1-0294-4C0C-9580-13D0EAB4633C}.Release|Any CPU.ActiveCfg = Release|Any CPU
		{0BB6F9D1-0294-4C0C-9580-13D0EAB4633C}.Release|Any CPU.Build.0 = Release|Any CPU
		{2C380FE8-B52E-49BB-AB55-2E6BB2F91321}.Debug|Any CPU.ActiveCfg = Debug|Any CPU
		{2C380FE8-B52E-49BB-AB55-2E6BB2F91321}.Debug|Any CPU.Build.0 = Debug|Any CPU
		{2C380FE8-B52E-49BB-AB55-2E6BB2F91321}.Release|Any CPU.ActiveCfg = Release|Any CPU
		{2C380FE8-B52E-49BB-AB55-2E6BB2F91321}.Release|Any CPU.Build.0 = Release|Any CPU
	EndGlobalSection
	GlobalSection(SolutionProperties) = preSolution
		HideSolutionNode = FALSE
	EndGlobalSection
	GlobalSection(ExtensibilityGlobals) = postSolution
		SolutionGuid = {ECF9F7CC-43F1-4FB9-9ED0-07C003DA6A57}
	EndGlobalSection
EndGlobal
